{
  "originHash" : "01d0dbf6f447bb0b75a3b3e6b49ddf7db166130ec7129389ce3eb5a61a6d79d3",
  "pins" : [
    {
      "identity" : "cxjtoasts",
      "kind" : "remoteSourceControl",
      "location" : "https://github.com/coxijcake/CxjToasts",
      "state" : {
        "branch" : "main",
        "revision" : "f85f98707fec89982f39b601834e0b1d14fe2ae2"
      }
    }
  ],
  "version" : 3
}
